
Microsoft Visual Studio Solution File, Format Version 12.00
# Visual Studio 14
VisualStudioVersion = 14.0.25123.0
MinimumVisualStudioVersion = 10.0.40219.1
Project("{A1FD6B12-8EF1-4112-90A5-13CC3F1B6F1E}") = "Sitecore.Support.190415", "Sitecore.Support.190415\Sitecore.Support.190415.csproj", "{A93C6273-E71D-4CAD-9DD2-BB5401A1B241}"
EndProject
Global
	GlobalSection(SolutionConfigurationPlatforms) = preSolution
		Debug|Any CPU = Debug|Any CPU
		Release|Any CPU = Release|Any CPU
	EndGlobalSection
	GlobalSection(ProjectConfigurationPlatforms) = postSolution
		{A93C6273-E71D-4CAD-9DD2-BB5401A1B241}.Debug|Any CPU.ActiveCfg = Debug|Any CPU
		{A93C6273-E71D-4CAD-9DD2-BB5401A1B241}.Debug|Any CPU.Build.0 = Debug|Any CPU
		{A93C6273-E71D-4CAD-9DD2-BB5401A1B241}.Release|Any CPU.ActiveCfg = Release|Any CPU
		{A93C6273-E71D-4CAD-9DD2-BB5401A1B241}.Release|Any CPU.Build.0 = Release|Any CPU
	EndGlobalSection
	GlobalSection(SolutionProperties) = preSolution
		HideSolutionNode = FALSE
	EndGlobalSection
EndGlobal
